// !$*UTF8*$!
{
	archiveVersion = 1;
	classes = {
	};
	objectVersion = 77;
	objects = {

/* Begin PBXBuildFile section */
		F266A33B2E90A5A300866E28 /* FirebaseAI in Frameworks */ = {isa = PBXBuildFile; productRef = F266A33A2E90A5A300866E28 /* FirebaseAI */; };
		F266A33D2E90A5A300866E28 /* FirebaseAnalytics in Frameworks */ = {isa = PBXBuildFile; productRef = F266A33C2E90A5A300866E28 /* FirebaseAnalytics */; };
		F266A33F2E90A5A300866E28 /* FirebaseAnalyticsCore in Frameworks */ = {isa = PBXBuildFile; productRef = F266A33E2E90A5A300866E28 /* FirebaseAnalyticsCore */; };
		F266A3412E90A5A300866E28 /* FirebaseAnalyticsIdentitySupport in Frameworks */ = {isa = PBXBuildFile; productRef = F266A3402E90A5A300866E28 /* FirebaseAnalyticsIdentitySupport */; };
		F266A3432E90A5A300866E28 /* FirebaseAppCheck in Frameworks */ = {isa = PBXBuildFile; productRef = F266A3422E90A5A300866E28 /* FirebaseAppCheck */; };
		F266A3452E90A5A300866E28 /* FirebaseAppDistribution-Beta in Frameworks */ = {isa = PBXBuildFile; productRef = F266A3442E90A5A300866E28 /* FirebaseAppDistribution-Beta */; };
		F266A3472E90A5A300866E28 /* FirebaseAuth in Frameworks */ = {isa = PBXBuildFile; productRef = F266A3462E90A5A300866E28 /* FirebaseAuth */; };
		F266A3492E90A5A300866E28 /* FirebaseAuthCombine-Community in Frameworks */ = {isa = PBXBuildFile; productRef = F266A3482E90A5A300866E28 /* FirebaseAuthCombine-Community */; };
		F266A34B2E90A5A300866E28 /* FirebaseCore in Frameworks */ = {isa = PBXBuildFile; productRef = F266A34A2E90A5A300866E28 /* FirebaseCore */; };
		F266A34D2E90A5A300866E28 /* FirebaseCrashlytics in Frameworks */ = {isa = PBXBuildFile; productRef = F266A34C2E90A5A300866E28 /* FirebaseCrashlytics */; };
		F266A34F2E90A5A300866E28 /* FirebaseDatabase in Frameworks */ = {isa = PBXBuildFile; productRef = F266A34E2E90A5A300866E28 /* FirebaseDatabase */; };
		F266A3512E90A5A300866E28 /* FirebaseFirestore in Frameworks */ = {isa = PBXBuildFile; productRef = F266A3502E90A5A300866E28 /* FirebaseFirestore */; };
		F266A3532E90A5A300866E28 /* FirebaseFirestoreCombine-Community in Frameworks */ = {isa = PBXBuildFile; productRef = F266A3522E90A5A300866E28 /* FirebaseFirestoreCombine-Community */; };
		F266A3552E90A5A300866E28 /* FirebaseFunctions in Frameworks */ = {isa = PBXBuildFile; productRef = F266A3542E90A5A300866E28 /* FirebaseFunctions */; };
		F266A3572E90A5A300866E28 /* FirebaseFunctionsCombine-Community in Frameworks */ = {isa = PBXBuildFile; productRef = F266A3562E90A5A300866E28 /* FirebaseFunctionsCombine-Community */; };
		F266A3592E90A5A300866E28 /* FirebaseInAppMessaging-Beta in Frameworks */ = {isa = PBXBuildFile; productRef = F266A3582E90A5A300866E28 /* FirebaseInAppMessaging-Beta */; };
		F266A35B2E90A5A300866E28 /* FirebaseInstallations in Frameworks */ = {isa = PBXBuildFile; productRef = F266A35A2E90A5A300866E28 /* FirebaseInstallations */; };
		F266A35D2E90A5A300866E28 /* FirebaseMLModelDownloader in Frameworks */ = {isa = PBXBuildFile; productRef = F266A35C2E90A5A300866E28 /* FirebaseMLModelDownloader */; };
		F266A35F2E90A5A300866E28 /* FirebaseMessaging in Frameworks */ = {isa = PBXBuildFile; productRef = F266A35E2E90A5A300866E28 /* FirebaseMessaging */; };
		F266A3612E90A5A300866E28 /* FirebasePerformance in Frameworks */ = {isa = PBXBuildFile; productRef = F266A3602E90A5A300866E28 /* FirebasePerformance */; };
		F266A3632E90A5A300866E28 /* FirebaseRemoteConfig in Frameworks */ = {isa = PBXBuildFile; productRef = F266A3622E90A5A300866E28 /* FirebaseRemoteConfig */; };
		F266A3652E90A5A300866E28 /* FirebaseStorage in Frameworks */ = {isa = PBXBuildFile; productRef = F266A3642E90A5A300866E28 /* FirebaseStorage */; };
		F266A3672E90A5A300866E28 /* FirebaseStorageCombine-Community in Frameworks */ = {isa = PBXBuildFile; productRef = F266A3662E90A5A300866E28 /* FirebaseStorageCombine-Community */; };
/* End PBXBuildFile section */

/* Begin PBXContainerItemProxy section */
		F25588AB2D9E5EE700934B98 /* PBXContainerItemProxy */ = {
			isa = PBXContainerItemProxy;
			containerPortal = F25588922D9E5EE500934B98 /* Project object */;
			proxyType = 1;
			remoteGlobalIDString = F25588992D9E5EE500934B98;
			remoteInfo = BIOHUB;
		};
		F25588B52D9E5EE700934B98 /* PBXContainerItemProxy */ = {
			isa = PBXContainerItemProxy;
			containerPortal = F25588922D9E5EE500934B98 /* Project object */;
			proxyType = 1;
			remoteGlobalIDString = F25588992D9E5EE500934B98;
			remoteInfo = BIOHUB;
		};
/* End PBXContainerItemProxy section */

/* Begin PBXFileReference section */
		F255889A2D9E5EE500934B98 /* BIOHUB.app */ = {isa = PBXFileReference; explicitFileType = wrapper.application; includeInIndex = 0; path = BIOHUB.app; sourceTree = BUILT_PRODUCTS_DIR; };
		F25588AA2D9E5EE700934B98 /* BIOHUBTests.xctest */ = {isa = PBXFileReference; explicitFileType = wrapper.cfbundle; includeInIndex = 0; path = BIOHUBTests.xctest; sourceTree = BUILT_PRODUCTS_DIR; };
		F25588B42D9E5EE700934B98 /* BIOHUBUITests.xctest */ = {isa = PBXFileReference; explicitFileType = wrapper.cfbundle; includeInIndex = 0; path = BIOHUBUITests.xctest; sourceTree = BUILT_PRODUCTS_DIR; };
/* End PBXFileReference section */

/* Begin PBXFileSystemSynchronizedBuildFileExceptionSet section */
		F266A3772E90FFDC00866E28 /* Exceptions for "BIOHUB" folder in "BIOHUB" target */ = {
			isa = PBXFileSystemSynchronizedBuildFileExceptionSet;
			membershipExceptions = (
				Info.plist,
			);
			target = F25588992D9E5EE500934B98 /* BIOHUB */;
		};
/* End PBXFileSystemSynchronizedBuildFileExceptionSet section */

/* Begin PBXFileSystemSynchronizedRootGroup section */
		F255889C2D9E5EE500934B98 /* BIOHUB */ = {
			isa = PBXFileSystemSynchronizedRootGroup;
			exceptions = (
				F266A3772E90FFDC00866E28 /* Exceptions for "BIOHUB" folder in "BIOHUB" target */,
			);
			path = BIOHUB;
			sourceTree = "<group>";
		};
		F25588AD2D9E5EE700934B98 /* BIOHUBTests */ = {
			isa = PBXFileSystemSynchronizedRootGroup;
			path = BIOHUBTests;
			sourceTree = "<group>";
		};
		F25588B72D9E5EE700934B98 /* BIOHUBUITests */ = {
			isa = PBXFileSystemSynchronizedRootGroup;
			path = BIOHUBUITests;
			sourceTree = "<group>";
		};
/* End PBXFileSystemSynchronizedRootGroup section */

/* Begin PBXFrameworksBuildPhase section */
		F25588972D9E5EE500934B98 /* Frameworks */ = {
			isa = PBXFrameworksBuildPhase;
			buildActionMask = 2147483647;
			files = (
				F266A3532E90A5A300866E28 /* FirebaseFirestoreCombine-Community in Frameworks */,
				F266A3552E90A5A300866E28 /* FirebaseFunctions in Frameworks */,
				F266A3612E90A5A300866E28 /* FirebasePerformance in Frameworks */,
				F266A3672E90A5A300866E28 /* FirebaseStorageCombine-Community in Frameworks */,
				F266A3632E90A5A300866E28 /* FirebaseRemoteConfig in Frameworks */,
				F266A3412E90A5A300866E28 /* FirebaseAnalyticsIdentitySupport in Frameworks */,
				F266A33D2E90A5A300866E28 /* FirebaseAnalytics in Frameworks */,
				F266A33F2E90A5A300866E28 /* FirebaseAnalyticsCore in Frameworks */,
				F266A3432E90A5A300866E28 /* FirebaseAppCheck in Frameworks */,
				F266A33B2E90A5A300866E28 /* FirebaseAI in Frameworks */,
				F266A3512E90A5A300866E28 /* FirebaseFirestore in Frameworks */,
				F266A35F2E90A5A300866E28 /* FirebaseMessaging in Frameworks */,
				F266A35B2E90A5A300866E28 /* FirebaseInstallations in Frameworks */,
				F266A3572E90A5A300866E28 /* FirebaseFunctionsCombine-Community in Frameworks */,
				F266A3472E90A5A300866E28 /* FirebaseAuth in Frameworks */,
				F266A3452E90A5A300866E28 /* FirebaseAppDistribution-Beta in Frameworks */,
				F266A3592E90A5A300866E28 /* FirebaseInAppMessaging-Beta in Frameworks */,
				F266A34D2E90A5A300866E28 /* FirebaseCrashlytics in Frameworks */,
				F266A34F2E90A5A300866E28 /* FirebaseDatabase in Frameworks */,
				F266A35D2E90A5A300866E28 /* FirebaseMLModelDownloader in Frameworks */,
				F266A3652E90A5A300866E28 /* FirebaseStorage in Frameworks */,
				F266A34B2E90A5A300866E28 /* FirebaseCore in Frameworks */,
				F266A3492E90A5A300866E28 /* FirebaseAuthCombine-Community in Frameworks */,
			);
			runOnlyForDeploymentPostprocessing = 0;
		};
		F25588A72D9E5EE700934B98 /* Frameworks */ = {
			isa = PBXFrameworksBuildPhase;
			buildActionMask = 2147483647;
			files = (
			);
			runOnlyForDeploymentPostprocessing = 0;
		};
		F25588B12D9E5EE700934B98 /* Frameworks */ = {
			isa = PBXFrameworksBuildPhase;
			buildActionMask = 2147483647;
			files = (
			);
			runOnlyForDeploymentPostprocessing = 0;
		};
/* End PBXFrameworksBuildPhase section */

/* Begin PBXGroup section */
		F25588912D9E5EE500934B98 = {
			isa = PBXGroup;
			children = (
				F255889C2D9E5EE500934B98 /* BIOHUB */,
				F25588AD2D9E5EE700934B98 /* BIOHUBTests */,
				F25588B72D9E5EE700934B98 /* BIOHUBUITests */,
				F255889B2D9E5EE500934B98 /* Products */,
			);
			sourceTree = "<group>";
		};
		F255889B2D9E5EE500934B98 /* Products */ = {
			isa = PBXGroup;
			children = (
				F255889A2D9E5EE500934B98 /* BIOHUB.app */,
				F25588AA2D9E5EE700934B98 /* BIOHUBTests.xctest */,
				F25588B42D9E5EE700934B98 /* BIOHUBUITests.xctest */,
			);
			name = Products;
			sourceTree = "<group>";
		};
/* End PBXGroup section */

/* Begin PBXNativeTarget section */
		F25588992D9E5EE500934B98 /* BIOHUB */ = {
			isa = PBXNativeTarget;
			buildConfigurationList = F25588BE2D9E5EE700934B98 /* Build configuration list for PBXNativeTarget "BIOHUB" */;
			buildPhases = (
				F25588962D9E5EE500934B98 /* Sources */,
				F25588972D9E5EE500934B98 /* Frameworks */,
				F25588982D9E5EE500934B98 /* Resources */,
			);
			buildRules = (
			);
			dependencies = (
			);
			fileSystemSynchronizedGroups = (
				F255889C2D9E5EE500934B98 /* BIOHUB */,
			);
			name = BIOHUB;
			packageProductDependencies = (
				F266A33A2E90A5A300866E28 /* FirebaseAI */,
				F266A33C2E90A5A300866E28 /* FirebaseAnalytics */,
				F266A33E2E90A5A300866E28 /* FirebaseAnalyticsCore */,
				F266A3402E90A5A300866E28 /* FirebaseAnalyticsIdentitySupport */,
				F266A3422E90A5A300866E28 /* FirebaseAppCheck */,
				F266A3442E90A5A300866E28 /* FirebaseAppDistribution-Beta */,
				F266A3462E90A5A300866E28 /* FirebaseAuth */,
				F266A3482E90A5A300866E28 /* FirebaseAuthCombine-Community */,
				F266A34A2E90A5A300866E28 /* FirebaseCore */,
				F266A34C2E90A5A300866E28 /* FirebaseCrashlytics */,
				F266A34E2E90A5A300866E28 /* FirebaseDatabase */,
				F266A3502E90A5A300866E28 /* FirebaseFirestore */,
				F266A3522E90A5A300866E28 /* FirebaseFirestoreCombine-Community */,
				F266A3542E90A5A300866E28 /* FirebaseFunctions */,
				F266A3562E90A5A300866E28 /* FirebaseFunctionsCombine-Community */,
				F266A3582E90A5A300866E28 /* FirebaseInAppMessaging-Beta */,
				F266A35A2E90A5A300866E28 /* FirebaseInstallations */,
				F266A35C2E90A5A300866E28 /* FirebaseMLModelDownloader */,
				F266A35E2E90A5A300866E28 /* FirebaseMessaging */,
				F266A3602E90A5A300866E28 /* FirebasePerformance */,
				F266A3622E90A5A300866E28 /* FirebaseRemoteConfig */,
				F266A3642E90A5A300866E28 /* FirebaseStorage */,
				F266A3662E90A5A300866E28 /* FirebaseStorageCombine-Community */,
			);
			productName = BIOHUB;
			productReference = F255889A2D9E5EE500934B98 /* BIOHUB.app */;
			productType = "com.apple.product-type.application";
		};
		F25588A92D9E5EE700934B98 /* BIOHUBTests */ = {
			isa = PBXNativeTarget;
			buildConfigurationList = F25588C12D9E5EE700934B98 /* Build configuration list for PBXNativeTarget "BIOHUBTests" */;
			buildPhases = (
				F25588A62D9E5EE700934B98 /* Sources */,
				F25588A72D9E5EE700934B98 /* Frameworks */,
				F25588A82D9E5EE700934B98 /* Resources */,
			);
			buildRules = (
			);
			dependencies = (
				F25588AC2D9E5EE700934B98 /* PBXTargetDependency */,
			);
			fileSystemSynchronizedGroups = (
				F25588AD2D9E5EE700934B98 /* BIOHUBTests */,
			);
			name = BIOHUBTests;
			packageProductDependencies = (
			);
			productName = BIOHUBTests;
			productReference = F25588AA2D9E5EE700934B98 /* BIOHUBTests.xctest */;
			productType = "com.apple.product-type.bundle.unit-test";
		};
		F25588B32D9E5EE700934B98 /* BIOHUBUITests */ = {
			isa = PBXNativeTarget;
			buildConfigurationList = F25588C42D9E5EE700934B98 /* Build configuration list for PBXNativeTarget "BIOHUBUITests" */;
			buildPhases = (
				F25588B02D9E5EE700934B98 /* Sources */,
				F25588B12D9E5EE700934B98 /* Frameworks */,
				F25588B22D9E5EE700934B98 /* Resources */,
			);
			buildRules = (
			);
			dependencies = (
				F25588B62D9E5EE700934B98 /* PBXTargetDependency */,
			);
			fileSystemSynchronizedGroups = (
				F25588B72D9E5EE700934B98 /* BIOHUBUITests */,
			);
			name = BIOHUBUITests;
			packageProductDependencies = (
			);
			productName = BIOHUBUITests;
			productReference = F25588B42D9E5EE700934B98 /* BIOHUBUITests.xctest */;
			productType = "com.apple.product-type.bundle.ui-testing";
		};
/* End PBXNativeTarget section */

/* Begin PBXProject section */
		F25588922D9E5EE500934B98 /* Project object */ = {
			isa = PBXProject;
			attributes = {
				BuildIndependentTargetsInParallel = 1;
				LastSwiftUpdateCheck = 1600;
				LastUpgradeCheck = 1600;
				TargetAttributes = {
					F25588992D9E5EE500934B98 = {
						CreatedOnToolsVersion = 16.0;
					};
					F25588A92D9E5EE700934B98 = {
						CreatedOnToolsVersion = 16.0;
						TestTargetID = F25588992D9E5EE500934B98;
					};
					F25588B32D9E5EE700934B98 = {
						CreatedOnToolsVersion = 16.0;
						TestTargetID = F25588992D9E5EE500934B98;
					};
				};
			};
			buildConfigurationList = F25588952D9E5EE500934B98 /* Build configuration list for PBXProject "BIOHUB" */;
			developmentRegion = en;
			hasScannedForEncodings = 0;
			knownRegions = (
				en,
				Base,
			);
			mainGroup = F25588912D9E5EE500934B98;
			minimizedProjectReferenceProxies = 1;
			packageReferences = (
				F266A3392E90A5A300866E28 /* XCRemoteSwiftPackageReference "firebase-ios-sdk" */,
			);
			preferredProjectObjectVersion = 77;
			productRefGroup = F255889B2D9E5EE500934B98 /* Products */;
			projectDirPath = "";
			projectRoot = "";
			targets = (
				F25588992D9E5EE500934B98 /* BIOHUB */,
				F25588A92D9E5EE700934B98 /* BIOHUBTests */,
				F25588B32D9E5EE700934B98 /* BIOHUBUITests */,
			);
		};
/* End PBXProject section */

/* Begin PBXResourcesBuildPhase section */
		F25588982D9E5EE500934B98 /* Resources */ = {
			isa = PBXResourcesBuildPhase;
			buildActionMask = 2147483647;
			files = (
			);
			runOnlyForDeploymentPostprocessing = 0;
		};
		F25588A82D9E5EE700934B98 /* Resources */ = {
			isa = PBXResourcesBuildPhase;
			buildActionMask = 2147483647;
			files = (
			);
			runOnlyForDeploymentPostprocessing = 0;
		};
		F25588B22D9E5EE700934B98 /* Resources */ = {
			isa = PBXResourcesBuildPhase;
			buildActionMask = 2147483647;
			files = (
			);
			runOnlyForDeploymentPostprocessing = 0;
		};
/* End PBXResourcesBuildPhase section */

/* Begin PBXSourcesBuildPhase section */
		F25588962D9E5EE500934B98 /* Sources */ = {
			isa = PBXSourcesBuildPhase;
			buildActionMask = 2147483647;
			files = (
			);
			runOnlyForDeploymentPostprocessing = 0;
		};
		F25588A62D9E5EE700934B98 /* Sources */ = {
			isa = PBXSourcesBuildPhase;
			buildActionMask = 2147483647;
			files = (
			);
			runOnlyForDeploymentPostprocessing = 0;
		};
		F25588B02D9E5EE700934B98 /* Sources */ = {
			isa = PBXSourcesBuildPhase;
			buildActionMask = 2147483647;
			files = (
			);
			runOnlyForDeploymentPostprocessing = 0;
		};
/* End PBXSourcesBuildPhase section */

/* Begin PBXTargetDependency section */
		F25588AC2D9E5EE700934B98 /* PBXTargetDependency */ = {
			isa = PBXTargetDependency;
			target = F25588992D9E5EE500934B98 /* BIOHUB */;
			targetProxy = F25588AB2D9E5EE700934B98 /* PBXContainerItemProxy */;
		};
		F25588B62D9E5EE700934B98 /* PBXTargetDependency */ = {
			isa = PBXTargetDependency;
			target = F25588992D9E5EE500934B98 /* BIOHUB */;
			targetProxy = F25588B52D9E5EE700934B98 /* PBXContainerItemProxy */;
		};
/* End PBXTargetDependency section */

/* Begin XCBuildConfiguration section */
		F25588BC2D9E5EE700934B98 /* Debug */ = {
			isa = XCBuildConfiguration;
			buildSettings = {
				ALWAYS_SEARCH_USER_PATHS = NO;
				ASSETCATALOG_COMPILER_GENERATE_SWIFT_ASSET_SYMBOL_EXTENSIONS = YES;
				CLANG_ANALYZER_NONNULL = YES;
				CLANG_ANALYZER_NUMBER_OBJECT_CONVERSION = YES_AGGRESSIVE;
				CLANG_CXX_LANGUAGE_STANDARD = "gnu++20";
				CLANG_ENABLE_MODULES = YES;
				CLANG_ENABLE_OBJC_ARC = YES;
				CLANG_ENABLE_OBJC_WEAK = YES;
				CLANG_WARN_BLOCK_CAPTURE_AUTORELEASING = YES;
				CLANG_WARN_BOOL_CONVERSION = YES;
				CLANG_WARN_COMMA = YES;
				CLANG_WARN_CONSTANT_CONVERSION = YES;
				CLANG_WARN_DEPRECATED_OBJC_IMPLEMENTATIONS = YES;
				CLANG_WARN_DIRECT_OBJC_ISA_USAGE = YES_ERROR;
				CLANG_WARN_DOCUMENTATION_COMMENTS = YES;
				CLANG_WARN_EMPTY_BODY = YES;
				CLANG_WARN_ENUM_CONVERSION = YES;
				CLANG_WARN_INFINITE_RECURSION = YES;
				CLANG_WARN_INT_CONVERSION = YES;
				CLANG_WARN_NON_LITERAL_NULL_CONVERSION = YES;
				CLANG_WARN_OBJC_IMPLICIT_RETAIN_SELF = YES;
				CLANG_WARN_OBJC_LITERAL_CONVERSION = YES;
				CLANG_WARN_OBJC_ROOT_CLASS = YES_ERROR;
				CLANG_WARN_QUOTED_INCLUDE_IN_FRAMEWORK_HEADER = YES;
				CLANG_WARN_RANGE_LOOP_ANALYSIS = YES;
				CLANG_WARN_STRICT_PROTOTYPES = YES;
				CLANG_WARN_SUSPICIOUS_MOVE = YES;
				CLANG_WARN_UNGUARDED_AVAILABILITY = YES_AGGRESSIVE;
				CLANG_WARN_UNREACHABLE_CODE = YES;
				CLANG_WARN__DUPLICATE_METHOD_MATCH = YES;
				COPY_PHASE_STRIP = NO;
				DEBUG_INFORMATION_FORMAT = dwarf;
				ENABLE_STRICT_OBJC_MSGSEND = YES;
				ENABLE_TESTABILITY = YES;
				ENABLE_USER_SCRIPT_SANDBOXING = YES;
				GCC_C_LANGUAGE_STANDARD = gnu17;
				GCC_DYNAMIC_NO_PIC = NO;
				GCC_NO_COMMON_BLOCKS = YES;
				GCC_OPTIMIZATION_LEVEL = 0;
				GCC_PREPROCESSOR_DEFINITIONS = (
					"DEBUG=1",
					"$(inherited)",
				);
				GCC_WARN_64_TO_32_BIT_CONVERSION = YES;
				GCC_WARN_ABOUT_RETURN_TYPE = YES_ERROR;
				GCC_WARN_UNDECLARED_SELECTOR = YES;
				GCC_WARN_UNINITIALIZED_AUTOS = YES_AGGRESSIVE;
				GCC_WARN_UNUSED_FUNCTION = YES;
				GCC_WARN_UNUSED_VARIABLE = YES;
				INFOPLIST_KEY_NSBluetoothAlwaysUsageDescription = "BIOHUB needs to discover FITNET Bluetooth devices.";
				INFOPLIST_KEY_NSBluetoothPeripheralUsageDescription = "BIOHUB needs to discover FITNET Bluetooth devices.";
				IPHONEOS_DEPLOYMENT_TARGET = 18.0;
				LOCALIZATION_PREFERS_STRING_CATALOGS = YES;
				MTL_ENABLE_DEBUG_INFO = INCLUDE_SOURCE;
				MTL_FAST_MATH = YES;
				ONLY_ACTIVE_ARCH = YES;
				SDKROOT = iphoneos;
				SWIFT_ACTIVE_COMPILATION_CONDITIONS = "DEBUG $(inherited)";
				SWIFT_OPTIMIZATION_LEVEL = "-Onone";
			};
			name = Debug;
		};
		F25588BD2D9E5EE700934B98 /* Release */ = {
			isa = XCBuildConfiguration;
			buildSettings = {
				ALWAYS_SEARCH_USER_PATHS = NO;
				ASSETCATALOG_COMPILER_GENERATE_SWIFT_ASSET_SYMBOL_EXTENSIONS = YES;
				CLANG_ANALYZER_NONNULL = YES;
				CLANG_ANALYZER_NUMBER_OBJECT_CONVERSION = YES_AGGRESSIVE;
				CLANG_CXX_LANGUAGE_STANDARD = "gnu++20";
				CLANG_ENABLE_MODULES = YES;
				CLANG_ENABLE_OBJC_ARC = YES;
				CLANG_ENABLE_OBJC_WEAK = YES;
				CLANG_WARN_BLOCK_CAPTURE_AUTORELEASING = YES;
				CLANG_WARN_BOOL_CONVERSION = YES;
				CLANG_WARN_COMMA = YES;
				CLANG_WARN_CONSTANT_CONVERSION = YES;
				CLANG_WARN_DEPRECATED_OBJC_IMPLEMENTATIONS = YES;
				CLANG_WARN_DIRECT_OBJC_ISA_USAGE = YES_ERROR;
				CLANG_WARN_DOCUMENTATION_COMMENTS = YES;
				CLANG_WARN_EMPTY_BODY = YES;
				CLANG_WARN_ENUM_CONVERSION = YES;
				CLANG_WARN_INFINITE_RECURSION = YES;
				CLANG_WARN_INT_CONVERSION = YES;
				CLANG_WARN_NON_LITERAL_NULL_CONVERSION = YES;
				CLANG_WARN_OBJC_IMPLICIT_RETAIN_SELF = YES;
				CLANG_WARN_OBJC_LITERAL_CONVERSION = YES;
				CLANG_WARN_OBJC_ROOT_CLASS = YES_ERROR;
				CLANG_WARN_QUOTED_INCLUDE_IN_FRAMEWORK_HEADER = YES;
				CLANG_WARN_RANGE_LOOP_ANALYSIS = YES;
				CLANG_WARN_STRICT_PROTOTYPES = YES;
				CLANG_WARN_SUSPICIOUS_MOVE = YES;
				CLANG_WARN_UNGUARDED_AVAILABILITY = YES_AGGRESSIVE;
				CLANG_WARN_UNREACHABLE_CODE = YES;
				CLANG_WARN__DUPLICATE_METHOD_MATCH = YES;
				COPY_PHASE_STRIP = NO;
				DEBUG_INFORMATION_FORMAT = "dwarf-with-dsym";
				ENABLE_NS_ASSERTIONS = NO;
				ENABLE_STRICT_OBJC_MSGSEND = YES;
				ENABLE_USER_SCRIPT_SANDBOXING = YES;
				GCC_C_LANGUAGE_STANDARD = gnu17;
				GCC_NO_COMMON_BLOCKS = YES;
				GCC_WARN_64_TO_32_BIT_CONVERSION = YES;
				GCC_WARN_ABOUT_RETURN_TYPE = YES_ERROR;
				GCC_WARN_UNDECLARED_SELECTOR = YES;
				GCC_WARN_UNINITIALIZED_AUTOS = YES_AGGRESSIVE;
				GCC_WARN_UNUSED_FUNCTION = YES;
				GCC_WARN_UNUSED_VARIABLE = YES;
				INFOPLIST_KEY_NSBluetoothAlwaysUsageDescription = "BIOHUB needs to discover FITNET Bluetooth devices.";
				INFOPLIST_KEY_NSBluetoothPeripheralUsageDescription = "BIOHUB needs to discover FITNET Bluetooth devices.";
				IPHONEOS_DEPLOYMENT_TARGET = 18.0;
				LOCALIZATION_PREFERS_STRING_CATALOGS = YES;
				MTL_ENABLE_DEBUG_INFO = NO;
				MTL_FAST_MATH = YES;
				SDKROOT = iphoneos;
				SWIFT_COMPILATION_MODE = wholemodule;
				VALIDATE_PRODUCT = YES;
			};
			name = Release;
		};
		F25588BF2D9E5EE700934B98 /* Debug */ = {
			isa = XCBuildConfiguration;
			buildSettings = {
				ASSETCATALOG_COMPILER_APPICON_NAME = AppIcon;
				ASSETCATALOG_COMPILER_GLOBAL_ACCENT_COLOR_NAME = AccentColor;
				CODE_SIGN_STYLE = Automatic;
				CURRENT_PROJECT_VERSION = 1;
				DEVELOPMENT_ASSET_PATHS = "\"BIOHUB/Preview Content\"";
				DEVELOPMENT_TEAM = 5R3YNVXH9H;
				ENABLE_PREVIEWS = YES;
				GENERATE_INFOPLIST_FILE = YES;
				INFOPLIST_FILE = BIOHUB/Info.plist;
				INFOPLIST_KEY_CFBundleDisplayName = BIOHUB;
				INFOPLIST_KEY_LSApplicationCategoryType = "public.app-category.healthcare-fitness";
				INFOPLIST_KEY_NSBluetoothAlwaysUsageDescription = "BIOHUB needs to discover FITNET Bluetooth devices.";
				INFOPLIST_KEY_NSBluetoothPeripheralUsageDescription = "BIOHUB needs to discover FITNET Bluetooth devices.";
				INFOPLIST_KEY_UIApplicationSceneManifest_Generation = YES;
				INFOPLIST_KEY_UIApplicationSupportsIndirectInputEvents = YES;
				INFOPLIST_KEY_UILaunchScreen_Generation = YES;
				INFOPLIST_KEY_UISupportedInterfaceOrientations_iPad = "UIInterfaceOrientationPortrait UIInterfaceOrientationPortraitUpsideDown UIInterfaceOrientationLandscapeLeft UIInterfaceOrientationLandscapeRight";
				INFOPLIST_KEY_UISupportedInterfaceOrientations_iPhone = "UIInterfaceOrientationPortrait UIInterfaceOrientationLandscapeLeft UIInterfaceOrientationLandscapeRight";
				LD_RUNPATH_SEARCH_PATHS = (
					"$(inherited)",
					"@executable_path/Frameworks",
				);
				MARKETING_VERSION = 1.0;
				PRODUCT_BUNDLE_IDENTIFIER = com.camackenzie.biohub;
				PRODUCT_NAME = "$(TARGET_NAME)";
				SWIFT_EMIT_LOC_STRINGS = YES;
				SWIFT_VERSION = 5.0;
				TARGETED_DEVICE_FAMILY = "1,2";
			};
			name = Debug;
		};
		F25588C02D9E5EE700934B98 /* Release */ = {
			isa = XCBuildConfiguration;
			buildSettings = {
				ASSETCATALOG_COMPILER_APPICON_NAME = AppIcon;
				ASSETCATALOG_COMPILER_GLOBAL_ACCENT_COLOR_NAME = AccentColor;
				CODE_SIGN_STYLE = Automatic;
				CURRENT_PROJECT_VERSION = 1;
				DEVELOPMENT_ASSET_PATHS = "\"BIOHUB/Preview Content\"";
				DEVELOPMENT_TEAM = 5R3YNVXH9H;
				ENABLE_PREVIEWS = YES;
				GENERATE_INFOPLIST_FILE = YES;
				INFOPLIST_FILE = BIOHUB/Info.plist;
				INFOPLIST_KEY_CFBundleDisplayName = BIOHUB;
				INFOPLIST_KEY_LSApplicationCategoryType = "public.app-category.healthcare-fitness";
				INFOPLIST_KEY_NSBluetoothAlwaysUsageDescription = "BIOHUB needs to discover FITNET Bluetooth devices.";
				INFOPLIST_KEY_NSBluetoothPeripheralUsageDescription = "BIOHUB needs to discover FITNET Bluetooth devices.";
				INFOPLIST_KEY_UIApplicationSceneManifest_Generation = YES;
				INFOPLIST_KEY_UIApplicationSupportsIndirectInputEvents = YES;
				INFOPLIST_KEY_UILaunchScreen_Generation = YES;
				INFOPLIST_KEY_UISupportedInterfaceOrientations_iPad = "UIInterfaceOrientationPortrait UIInterfaceOrientationPortraitUpsideDown UIInterfaceOrientationLandscapeLeft UIInterfaceOrientationLandscapeRight";
				INFOPLIST_KEY_UISupportedInterfaceOrientations_iPhone = "UIInterfaceOrientationPortrait UIInterfaceOrientationLandscapeLeft UIInterfaceOrientationLandscapeRight";
				LD_RUNPATH_SEARCH_PATHS = (
					"$(inherited)",
					"@executable_path/Frameworks",
				);
				MARKETING_VERSION = 1.0;
				PRODUCT_BUNDLE_IDENTIFIER = com.camackenzie.biohub;
				PRODUCT_NAME = "$(TARGET_NAME)";
				SWIFT_EMIT_LOC_STRINGS = YES;
				SWIFT_VERSION = 5.0;
				TARGETED_DEVICE_FAMILY = "1,2";
			};
			name = Release;
		};
		F25588C22D9E5EE700934B98 /* Debug */ = {
			isa = XCBuildConfiguration;
			buildSettings = {
				BUNDLE_LOADER = "$(TEST_HOST)";
				CODE_SIGN_STYLE = Automatic;
				CURRENT_PROJECT_VERSION = 1;
				DEVELOPMENT_TEAM = 5R3YNVXH9H;
				GENERATE_INFOPLIST_FILE = YES;
				IPHONEOS_DEPLOYMENT_TARGET = 18.0;
				MARKETING_VERSION = 1.0;
				PRODUCT_BUNDLE_IDENTIFIER = com.fitintel.BIOHUBTests;
				PRODUCT_NAME = "$(TARGET_NAME)";
				SWIFT_EMIT_LOC_STRINGS = NO;
				SWIFT_VERSION = 5.0;
				TARGETED_DEVICE_FAMILY = "1,2";
				TEST_HOST = "$(BUILT_PRODUCTS_DIR)/BIOHUB.app/$(BUNDLE_EXECUTABLE_FOLDER_PATH)/BIOHUB";
			};
			name = Debug;
		};
		F25588C32D9E5EE700934B98 /* Release */ = {
			isa = XCBuildConfiguration;
			buildSettings = {
				BUNDLE_LOADER = "$(TEST_HOST)";
				CODE_SIGN_STYLE = Automatic;
				CURRENT_PROJECT_VERSION = 1;
				DEVELOPMENT_TEAM = 5R3YNVXH9H;
				GENERATE_INFOPLIST_FILE = YES;
				IPHONEOS_DEPLOYMENT_TARGET = 18.0;
				MARKETING_VERSION = 1.0;
				PRODUCT_BUNDLE_IDENTIFIER = com.fitintel.BIOHUBTests;
				PRODUCT_NAME = "$(TARGET_NAME)";
				SWIFT_EMIT_LOC_STRINGS = NO;
				SWIFT_VERSION = 5.0;
				TARGETED_DEVICE_FAMILY = "1,2";
				TEST_HOST = "$(BUILT_PRODUCTS_DIR)/BIOHUB.app/$(BUNDLE_EXECUTABLE_FOLDER_PATH)/BIOHUB";
			};
			name = Release;
		};
		F25588C52D9E5EE700934B98 /* Debug */ = {
			isa = XCBuildConfiguration;
			buildSettings = {
				CODE_SIGN_STYLE = Automatic;
				CURRENT_PROJECT_VERSION = 1;
				DEVELOPMENT_TEAM = 5R3YNVXH9H;
				GENERATE_INFOPLIST_FILE = YES;
				MARKETING_VERSION = 1.0;
				PRODUCT_BUNDLE_IDENTIFIER = com.fitintel.BIOHUBUITests;
				PRODUCT_NAME = "$(TARGET_NAME)";
				SWIFT_EMIT_LOC_STRINGS = NO;
				SWIFT_VERSION = 5.0;
				TARGETED_DEVICE_FAMILY = "1,2";
				TEST_TARGET_NAME = BIOHUB;
			};
			name = Debug;
		};
		F25588C62D9E5EE700934B98 /* Release */ = {
			isa = XCBuildConfiguration;
			buildSettings = {
				CODE_SIGN_STYLE = Automatic;
				CURRENT_PROJECT_VERSION = 1;
				DEVELOPMENT_TEAM = 5R3YNVXH9H;
				GENERATE_INFOPLIST_FILE = YES;
				MARKETING_VERSION = 1.0;
				PRODUCT_BUNDLE_IDENTIFIER = com.fitintel.BIOHUBUITests;
				PRODUCT_NAME = "$(TARGET_NAME)";
				SWIFT_EMIT_LOC_STRINGS = NO;
				SWIFT_VERSION = 5.0;
				TARGETED_DEVICE_FAMILY = "1,2";
				TEST_TARGET_NAME = BIOHUB;
			};
			name = Release;
		};
/* End XCBuildConfiguration section */

/* Begin XCConfigurationList section */
		F25588952D9E5EE500934B98 /* Build configuration list for PBXProject "BIOHUB" */ = {
			isa = XCConfigurationList;
			buildConfigurations = (
				F25588BC2D9E5EE700934B98 /* Debug */,
				F25588BD2D9E5EE700934B98 /* Release */,
			);
			defaultConfigurationIsVisible = 0;
			defaultConfigurationName = Release;
		};
		F25588BE2D9E5EE700934B98 /* Build configuration list for PBXNativeTarget "BIOHUB" */ = {
			isa = XCConfigurationList;
			buildConfigurations = (
				F25588BF2D9E5EE700934B98 /* Debug */,
				F25588C02D9E5EE700934B98 /* Release */,
			);
			defaultConfigurationIsVisible = 0;
			defaultConfigurationName = Release;
		};
		F25588C12D9E5EE700934B98 /* Build configuration list for PBXNativeTarget "BIOHUBTests" */ = {
			isa = XCConfigurationList;
			buildConfigurations = (
				F25588C22D9E5EE700934B98 /* Debug */,
				F25588C32D9E5EE700934B98 /* Release */,
			);
			defaultConfigurationIsVisible = 0;
			defaultConfigurationName = Release;
		};
		F25588C42D9E5EE700934B98 /* Build configuration list for PBXNativeTarget "BIOHUBUITests" */ = {
			isa = XCConfigurationList;
			buildConfigurations = (
				F25588C52D9E5EE700934B98 /* Debug */,
				F25588C62D9E5EE700934B98 /* Release */,
			);
			defaultConfigurationIsVisible = 0;
			defaultConfigurationName = Release;
		};
/* End XCConfigurationList section */

/* Begin XCRemoteSwiftPackageReference section */
		F266A3392E90A5A300866E28 /* XCRemoteSwiftPackageReference "firebase-ios-sdk" */ = {
			isa = XCRemoteSwiftPackageReference;
			repositoryURL = "https://github.com/firebase/firebase-ios-sdk.git";
			requirement = {
				kind = upToNextMajorVersion;
				minimumVersion = 12.3.0;
			};
		};
/* End XCRemoteSwiftPackageReference section */

/* Begin XCSwiftPackageProductDependency section */
		F266A33A2E90A5A300866E28 /* FirebaseAI */ = {
			isa = XCSwiftPackageProductDependency;
			package = F266A3392E90A5A300866E28 /* XCRemoteSwiftPackageReference "firebase-ios-sdk" */;
			productName = FirebaseAI;
		};
		F266A33C2E90A5A300866E28 /* FirebaseAnalytics */ = {
			isa = XCSwiftPackageProductDependency;
			package = F266A3392E90A5A300866E28 /* XCRemoteSwiftPackageReference "firebase-ios-sdk" */;
			productName = FirebaseAnalytics;
		};
		F266A33E2E90A5A300866E28 /* FirebaseAnalyticsCore */ = {
			isa = XCSwiftPackageProductDependency;
			package = F266A3392E90A5A300866E28 /* XCRemoteSwiftPackageReference "firebase-ios-sdk" */;
			productName = FirebaseAnalyticsCore;
		};
		F266A3402E90A5A300866E28 /* FirebaseAnalyticsIdentitySupport */ = {
			isa = XCSwiftPackageProductDependency;
			package = F266A3392E90A5A300866E28 /* XCRemoteSwiftPackageReference "firebase-ios-sdk" */;
			productName = FirebaseAnalyticsIdentitySupport;
		};
		F266A3422E90A5A300866E28 /* FirebaseAppCheck */ = {
			isa = XCSwiftPackageProductDependency;
			package = F266A3392E90A5A300866E28 /* XCRemoteSwiftPackageReference "firebase-ios-sdk" */;
			productName = FirebaseAppCheck;
		};
		F266A3442E90A5A300866E28 /* FirebaseAppDistribution-Beta */ = {
			isa = XCSwiftPackageProductDependency;
			package = F266A3392E90A5A300866E28 /* XCRemoteSwiftPackageReference "firebase-ios-sdk" */;
			productName = "FirebaseAppDistribution-Beta";
		};
		F266A3462E90A5A300866E28 /* FirebaseAuth */ = {
			isa = XCSwiftPackageProductDependency;
			package = F266A3392E90A5A300866E28 /* XCRemoteSwiftPackageReference "firebase-ios-sdk" */;
			productName = FirebaseAuth;
		};
		F266A3482E90A5A300866E28 /* FirebaseAuthCombine-Community */ = {
			isa = XCSwiftPackageProductDependency;
			package = F266A3392E90A5A300866E28 /* XCRemoteSwiftPackageReference "firebase-ios-sdk" */;
			productName = "FirebaseAuthCombine-Community";
		};
		F266A34A2E90A5A300866E28 /* FirebaseCore */ = {
			isa = XCSwiftPackageProductDependency;
			package = F266A3392E90A5A300866E28 /* XCRemoteSwiftPackageReference "firebase-ios-sdk" */;
			productName = FirebaseCore;
		};
		F266A34C2E90A5A300866E28 /* FirebaseCrashlytics */ = {
			isa = XCSwiftPackageProductDependency;
			package = F266A3392E90A5A300866E28 /* XCRemoteSwiftPackageReference "firebase-ios-sdk" */;
			productName = FirebaseCrashlytics;
		};
		F266A34E2E90A5A300866E28 /* FirebaseDatabase */ = {
			isa = XCSwiftPackageProductDependency;
			package = F266A3392E90A5A300866E28 /* XCRemoteSwiftPackageReference "firebase-ios-sdk" */;
			productName = FirebaseDatabase;
		};
		F266A3502E90A5A300866E28 /* FirebaseFirestore */ = {
			isa = XCSwiftPackageProductDependency;
			package = F266A3392E90A5A300866E28 /* XCRemoteSwiftPackageReference "firebase-ios-sdk" */;
			productName = FirebaseFirestore;
		};
		F266A3522E90A5A300866E28 /* FirebaseFirestoreCombine-Community */ = {
			isa = XCSwiftPackageProductDependency;
			package = F266A3392E90A5A300866E28 /* XCRemoteSwiftPackageReference "firebase-ios-sdk" */;
			productName = "FirebaseFirestoreCombine-Community";
		};
		F266A3542E90A5A300866E28 /* FirebaseFunctions */ = {
			isa = XCSwiftPackageProductDependency;
			package = F266A3392E90A5A300866E28 /* XCRemoteSwiftPackageReference "firebase-ios-sdk" */;
			productName = FirebaseFunctions;
		};
		F266A3562E90A5A300866E28 /* FirebaseFunctionsCombine-Community */ = {
			isa = XCSwiftPackageProductDependency;
			package = F266A3392E90A5A300866E28 /* XCRemoteSwiftPackageReference "firebase-ios-sdk" */;
			productName = "FirebaseFunctionsCombine-Community";
		};
		F266A3582E90A5A300866E28 /* FirebaseInAppMessaging-Beta */ = {
			isa = XCSwiftPackageProductDependency;
			package = F266A3392E90A5A300866E28 /* XCRemoteSwiftPackageReference "firebase-ios-sdk" */;
			productName = "FirebaseInAppMessaging-Beta";
		};
		F266A35A2E90A5A300866E28 /* FirebaseInstallations */ = {
			isa = XCSwiftPackageProductDependency;
			package = F266A3392E90A5A300866E28 /* XCRemoteSwiftPackageReference "firebase-ios-sdk" */;
			productName = FirebaseInstallations;
		};
		F266A35C2E90A5A300866E28 /* FirebaseMLModelDownloader */ = {
			isa = XCSwiftPackageProductDependency;
			package = F266A3392E90A5A300866E28 /* XCRemoteSwiftPackageReference "firebase-ios-sdk" */;
			productName = FirebaseMLModelDownloader;
		};
		F266A35E2E90A5A300866E28 /* FirebaseMessaging */ = {
			isa = XCSwiftPackageProductDependency;
			package = F266A3392E90A5A300866E28 /* XCRemoteSwiftPackageReference "firebase-ios-sdk" */;
			productName = FirebaseMessaging;
		};
		F266A3602E90A5A300866E28 /* FirebasePerformance */ = {
			isa = XCSwiftPackageProductDependency;
			package = F266A3392E90A5A300866E28 /* XCRemoteSwiftPackageReference "firebase-ios-sdk" */;
			productName = FirebasePerformance;
		};
		F266A3622E90A5A300866E28 /* FirebaseRemoteConfig */ = {
			isa = XCSwiftPackageProductDependency;
			package = F266A3392E90A5A300866E28 /* XCRemoteSwiftPackageReference "firebase-ios-sdk" */;
			productName = FirebaseRemoteConfig;
		};
		F266A3642E90A5A300866E28 /* FirebaseStorage */ = {
			isa = XCSwiftPackageProductDependency;
			package = F266A3392E90A5A300866E28 /* XCRemoteSwiftPackageReference "firebase-ios-sdk" */;
			productName = FirebaseStorage;
		};
		F266A3662E90A5A300866E28 /* FirebaseStorageCombine-Community */ = {
			isa = XCSwiftPackageProductDependency;
			package = F266A3392E90A5A300866E28 /* XCRemoteSwiftPackageReference "firebase-ios-sdk" */;
			productName = "FirebaseStorageCombine-Community";
		};
/* End XCSwiftPackageProductDependency section */
	};
	rootObject = F25588922D9E5EE500934B98 /* Project object */;
}
